
Microsoft Visual Studio Solution File, Format Version 12.00
# Visual Studio Version 17
VisualStudioVersion = 17.0.31903.59
MinimumVisualStudioVersion = 10.0.40219.1
Project("{2150E333-8FDC-42A3-9474-1A3956D46DE8}") = "src", "src", "{827E0CD3-B72D-47B6-A68D-7590B98EB39B}"
EndProject
Project("{FAE04EC0-301F-11D3-BF4B-00C04F79EFBC}") = "Academy.Api", "src\Academy.Api\Academy.Api.csproj", "{D0CAE5DC-DB3D-4BF4-80BD-B6F3AD26AE3E}"
EndProject
Project("{FAE04EC0-301F-11D3-BF4B-00C04F79EFBC}") = "Academy.Application", "src\Academy.Application\Academy.Application.csproj", "{F1B3B00E-51CD-49AC-BA28-FA78D345F961}"
EndProject
Project("{FAE04EC0-301F-11D3-BF4B-00C04F79EFBC}") = "Academy.Domain", "src\Academy.Domain\Academy.Domain.csproj", "{B1EC1073-10E3-4515-A072-96918CAD8C2D}"
EndProject
Project("{FAE04EC0-301F-11D3-BF4B-00C04F79EFBC}") = "Academy.Infrastructure", "src\Academy.Infrastructure\Academy.Infrastructure.csproj", "{6F511C36-FC7D-46C7-B973-D926A7F3875B}"
EndProject
Project("{FAE04EC0-301F-11D3-BF4B-00C04F79EFBC}") = "Academy.Shared", "src\Academy.Shared\Academy.Shared.csproj", "{3BB2EB42-BEE1-4D92-8BF1-A5CEF50EF867}"
EndProject
Project("{FAE04EC0-301F-11D3-BF4B-00C04F79EFBC}") = "Academy.Application.Tests", "tests\Academy.Application.Tests\Academy.Application.Tests.csproj", "{504A52D5-4A78-46D4-9AA4-B38C0113A1F9}"
EndProject
Project("{FAE04EC0-301F-11D3-BF4B-00C04F79EFBC}") = "Academy.Api.Tests", "tests\Academy.Api.Tests\Academy.Api.Tests.csproj", "{AD88DCD0-A63C-4F76-AFA4-D4C20A51158B}"
EndProject
Global
	GlobalSection(SolutionConfigurationPlatforms) = preSolution
		Debug|Any CPU = Debug|Any CPU
		Debug|x64 = Debug|x64
		Debug|x86 = Debug|x86
		Release|Any CPU = Release|Any CPU
		Release|x64 = Release|x64
		Release|x86 = Release|x86
	EndGlobalSection
	GlobalSection(ProjectConfigurationPlatforms) = postSolution
		{D0CAE5DC-DB3D-4BF4-80BD-B6F3AD26AE3E}.Debug|Any CPU.ActiveCfg = Debug|Any CPU
		{D0CAE5DC-DB3D-4BF4-80BD-B6F3AD26AE3E}.Debug|Any CPU.Build.0 = Debug|Any CPU
		{D0CAE5DC-DB3D-4BF4-80BD-B6F3AD26AE3E}.Debug|x64.ActiveCfg = Debug|Any CPU
		{D0CAE5DC-DB3D-4BF4-80BD-B6F3AD26AE3E}.Debug|x64.Build.0 = Debug|Any CPU
		{D0CAE5DC-DB3D-4BF4-80BD-B6F3AD26AE3E}.Debug|x86.ActiveCfg = Debug|Any CPU
		{D0CAE5DC-DB3D-4BF4-80BD-B6F3AD26AE3E}.Debug|x86.Build.0 = Debug|Any CPU
		{D0CAE5DC-DB3D-4BF4-80BD-B6F3AD26AE3E}.Release|Any CPU.ActiveCfg = Release|Any CPU
		{D0CAE5DC-DB3D-4BF4-80BD-B6F3AD26AE3E}.Release|Any CPU.Build.0 = Release|Any CPU
		{D0CAE5DC-DB3D-4BF4-80BD-B6F3AD26AE3E}.Release|x64.ActiveCfg = Release|Any CPU
		{D0CAE5DC-DB3D-4BF4-80BD-B6F3AD26AE3E}.Release|x64.Build.0 = Release|Any CPU
		{D0CAE5DC-DB3D-4BF4-80BD-B6F3AD26AE3E}.Release|x86.ActiveCfg = Release|Any CPU
		{D0CAE5DC-DB3D-4BF4-80BD-B6F3AD26AE3E}.Release|x86.Build.0 = Release|Any CPU
		{F1B3B00E-51CD-49AC-BA28-FA78D345F961}.Debug|Any CPU.ActiveCfg = Debug|Any CPU
		{F1B3B00E-51CD-49AC-BA28-FA78D345F961}.Debug|Any CPU.Build.0 = Debug|Any CPU
		{F1B3B00E-51CD-49AC-BA28-FA78D345F961}.Debug|x64.ActiveCfg = Debug|Any CPU
		{F1B3B00E-51CD-49AC-BA28-FA78D345F961}.Debug|x64.Build.0 = Debug|Any CPU
		{F1B3B00E-51CD-49AC-BA28-FA78D345F961}.Debug|x86.ActiveCfg = Debug|Any CPU
		{F1B3B00E-51CD-49AC-BA28-FA78D345F961}.Debug|x86.Build.0 = Debug|Any CPU
		{F1B3B00E-51CD-49AC-BA28-FA78D345F961}.Release|Any CPU.ActiveCfg = Release|Any CPU
		{F1B3B00E-51CD-49AC-BA28-FA78D345F961}.Release|Any CPU.Build.0 = Release|Any CPU
		{F1B3B00E-51CD-49AC-BA28-FA78D345F961}.Release|x64.ActiveCfg = Release|Any CPU
		{F1B3B00E-51CD-49AC-BA28-FA78D345F961}.Release|x64.Build.0 = Release|Any CPU
		{F1B3B00E-51CD-49AC-BA28-FA78D345F961}.Release|x86.ActiveCfg = Release|Any CPU
		{F1B3B00E-51CD-49AC-BA28-FA78D345F961}.Release|x86.Build.0 = Release|Any CPU
		{B1EC1073-10E3-4515-A072-96918CAD8C2D}.Debug|Any CPU.ActiveCfg = Debug|Any CPU
		{B1EC1073-10E3-4515-A072-96918CAD8C2D}.Debug|Any CPU.Build.0 = Debug|Any CPU
		{B1EC1073-10E3-4515-A072-96918CAD8C2D}.Debug|x64.ActiveCfg = Debug|Any CPU
		{B1EC1073-10E3-4515-A072-96918CAD8C2D}.Debug|x64.Build.0 = Debug|Any CPU
		{B1EC1073-10E3-4515-A072-96918CAD8C2D}.Debug|x86.ActiveCfg = Debug|Any CPU
		{B1EC1073-10E3-4515-A072-96918CAD8C2D}.Debug|x86.Build.0 = Debug|Any CPU
		{B1EC1073-10E3-4515-A072-96918CAD8C2D}.Release|Any CPU.ActiveCfg = Release|Any CPU
		{B1EC1073-10E3-4515-A072-96918CAD8C2D}.Release|Any CPU.Build.0 = Release|Any CPU
		{B1EC1073-10E3-4515-A072-96918CAD8C2D}.Release|x64.ActiveCfg = Release|Any CPU
		{B1EC1073-10E3-4515-A072-96918CAD8C2D}.Release|x64.Build.0 = Release|Any CPU
		{B1EC1073-10E3-4515-A072-96918CAD8C2D}.Release|x86.ActiveCfg = Release|Any CPU
		{B1EC1073-10E3-4515-A072-96918CAD8C2D}.Release|x86.Build.0 = Release|Any CPU
		{6F511C36-FC7D-46C7-B973-D926A7F3875B}.Debug|Any CPU.ActiveCfg = Debug|Any CPU
		{6F511C36-FC7D-46C7-B973-D926A7F3875B}.Debug|Any CPU.Build.0 = Debug|Any CPU
		{6F511C36-FC7D-46C7-B973-D926A7F3875B}.Debug|x64.ActiveCfg = Debug|Any CPU
		{6F511C36-FC7D-46C7-B973-D926A7F3875B}.Debug|x64.Build.0 = Debug|Any CPU
		{6F511C36-FC7D-46C7-B973-D926A7F3875B}.Debug|x86.ActiveCfg = Debug|Any CPU
		{6F511C36-FC7D-46C7-B973-D926A7F3875B}.Debug|x86.Build.0 = Debug|Any CPU
		{6F511C36-FC7D-46C7-B973-D926A7F3875B}.Release|Any CPU.ActiveCfg = Release|Any CPU
		{6F511C36-FC7D-46C7-B973-D926A7F3875B}.Release|Any CPU.Build.0 = Release|Any CPU
		{6F511C36-FC7D-46C7-B973-D926A7F3875B}.Release|x64.ActiveCfg = Release|Any CPU
		{6F511C36-FC7D-46C7-B973-D926A7F3875B}.Release|x64.Build.0 = Release|Any CPU
		{6F511C36-FC7D-46C7-B973-D926A7F3875B}.Release|x86.ActiveCfg = Release|Any CPU
		{6F511C36-FC7D-46C7-B973-D926A7F3875B}.Release|x86.Build.0 = Release|Any CPU
		{3BB2EB42-BEE1-4D92-8BF1-A5CEF50EF867}.Debug|Any CPU.ActiveCfg = Debug|Any CPU
		{3BB2EB42-BEE1-4D92-8BF1-A5CEF50EF867}.Debug|Any CPU.Build.0 = Debug|Any CPU
		{3BB2EB42-BEE1-4D92-8BF1-A5CEF50EF867}.Debug|x64.ActiveCfg = Debug|Any CPU
		{3BB2EB42-BEE1-4D92-8BF1-A5CEF50EF867}.Debug|x64.Build.0 = Debug|Any CPU
		{3BB2EB42-BEE1-4D92-8BF1-A5CEF50EF867}.Debug|x86.ActiveCfg = Debug|Any CPU
		{3BB2EB42-BEE1-4D92-8BF1-A5CEF50EF867}.Debug|x86.Build.0 = Debug|Any CPU
		{3BB2EB42-BEE1-4D92-8BF1-A5CEF50EF867}.Release|Any CPU.ActiveCfg = Release|Any CPU
		{3BB2EB42-BEE1-4D92-8BF1-A5CEF50EF867}.Release|Any CPU.Build.0 = Release|Any CPU
		{3BB2EB42-BEE1-4D92-8BF1-A5CEF50EF867}.Release|x64.ActiveCfg = Release|Any CPU
		{3BB2EB42-BEE1-4D92-8BF1-A5CEF50EF867}.Release|x64.Build.0 = Release|Any CPU
		{3BB2EB42-BEE1-4D92-8BF1-A5CEF50EF867}.Release|x86.ActiveCfg = Release|Any CPU
		{3BB2EB42-BEE1-4D92-8BF1-A5CEF50EF867}.Release|x86.Build.0 = Release|Any CPU
		{504A52D5-4A78-46D4-9AA4-B38C0113A1F9}.Debug|Any CPU.ActiveCfg = Debug|Any CPU
		{504A52D5-4A78-46D4-9AA4-B38C0113A1F9}.Debug|Any CPU.Build.0 = Debug|Any CPU
		{504A52D5-4A78-46D4-9AA4-B38C0113A1F9}.Debug|x64.ActiveCfg = Debug|Any CPU
		{504A52D5-4A78-46D4-9AA4-B38C0113A1F9}.Debug|x64.Build.0 = Debug|Any CPU
		{504A52D5-4A78-46D4-9AA4-B38C0113A1F9}.Debug|x86.ActiveCfg = Debug|Any CPU
		{504A52D5-4A78-46D4-9AA4-B38C0113A1F9}.Debug|x86.Build.0 = Debug|Any CPU
		{504A52D5-4A78-46D4-9AA4-B38C0113A1F9}.Release|Any CPU.ActiveCfg = Release|Any CPU
		{504A52D5-4A78-46D4-9AA4-B38C0113A1F9}.Release|Any CPU.Build.0 = Release|Any CPU
		{504A52D5-4A78-46D4-9AA4-B38C0113A1F9}.Release|x64.ActiveCfg = Release|Any CPU
		{504A52D5-4A78-46D4-9AA4-B38C0113A1F9}.Release|x64.Build.0 = Release|Any CPU
		{504A52D5-4A78-46D4-9AA4-B38C0113A1F9}.Release|x86.ActiveCfg = Release|Any CPU
		{504A52D5-4A78-46D4-9AA4-B38C0113A1F9}.Release|x86.Build.0 = Release|Any CPU
		{AD88DCD0-A63C-4F76-AFA4-D4C20A51158B}.Debug|Any CPU.ActiveCfg = Debug|Any CPU
		{AD88DCD0-A63C-4F76-AFA4-D4C20A51158B}.Debug|Any CPU.Build.0 = Debug|Any CPU
		{AD88DCD0-A63C-4F76-AFA4-D4C20A51158B}.Debug|x64.ActiveCfg = Debug|Any CPU
		{AD88DCD0-A63C-4F76-AFA4-D4C20A51158B}.Debug|x64.Build.0 = Debug|Any CPU
		{AD88DCD0-A63C-4F76-AFA4-D4C20A51158B}.Debug|x86.ActiveCfg = Debug|Any CPU
		{AD88DCD0-A63C-4F76-AFA4-D4C20A51158B}.Debug|x86.Build.0 = Debug|Any CPU
		{AD88DCD0-A63C-4F76-AFA4-D4C20A51158B}.Release|Any CPU.ActiveCfg = Release|Any CPU
		{AD88DCD0-A63C-4F76-AFA4-D4C20A51158B}.Release|Any CPU.Build.0 = Release|Any CPU
		{AD88DCD0-A63C-4F76-AFA4-D4C20A51158B}.Release|x64.ActiveCfg = Release|Any CPU
		{AD88DCD0-A63C-4F76-AFA4-D4C20A51158B}.Release|x64.Build.0 = Release|Any CPU
		{AD88DCD0-A63C-4F76-AFA4-D4C20A51158B}.Release|x86.ActiveCfg = Release|Any CPU
		{AD88DCD0-A63C-4F76-AFA4-D4C20A51158B}.Release|x86.Build.0 = Release|Any CPU
	EndGlobalSection
	GlobalSection(SolutionProperties) = preSolution
		HideSolutionNode = FALSE
	EndGlobalSection
	GlobalSection(NestedProjects) = preSolution
		{D0CAE5DC-DB3D-4BF4-80BD-B6F3AD26AE3E} = {827E0CD3-B72D-47B6-A68D-7590B98EB39B}
		{F1B3B00E-51CD-49AC-BA28-FA78D345F961} = {827E0CD3-B72D-47B6-A68D-7590B98EB39B}
		{B1EC1073-10E3-4515-A072-96918CAD8C2D} = {827E0CD3-B72D-47B6-A68D-7590B98EB39B}
		{6F511C36-FC7D-46C7-B973-D926A7F3875B} = {827E0CD3-B72D-47B6-A68D-7590B98EB39B}
		{3BB2EB42-BEE1-4D92-8BF1-A5CEF50EF867} = {827E0CD3-B72D-47B6-A68D-7590B98EB39B}
		{504A52D5-4A78-46D4-9AA4-B38C0113A1F9} = {827E0CD3-B72D-47B6-A68D-7590B98EB39B}
		{AD88DCD0-A63C-4F76-AFA4-D4C20A51158B} = {827E0CD3-B72D-47B6-A68D-7590B98EB39B}
	EndGlobalSection
EndGlobal
